
Microsoft Visual Studio Solution File, Format Version 12.00
# Visual Studio Version 17
VisualStudioVersion = 17.7.34031.279
MinimumVisualStudioVersion = 10.0.40219.1
Project("{FAE04EC0-301F-11D3-BF4B-00C04F79EFBC}") = "ClassLibrary1", "ClassLibrary1\ClassLibrary1.csproj", "{C608B6BB-81B1-4409-BB60-4011D747779E}"
EndProject
Project("{FAE04EC0-301F-11D3-BF4B-00C04F79EFBC}") = "Programme", "Programme\Programme.csproj", "{D4C0FAA6-49F5-4026-A359-84F8EDA94871}"
EndProject
Global
	GlobalSection(SolutionConfigurationPlatforms) = preSolution
		Debug|Any CPU = Debug|Any CPU
		Release|Any CPU = Release|Any CPU
	EndGlobalSection
	GlobalSection(ProjectConfigurationPlatforms) = postSolution
		{C608B6BB-81B1-4409-BB60-4011D747779E}.Debug|Any CPU.ActiveCfg = Debug|Any CPU
		{C608B6BB-81B1-4409-BB60-4011D747779E}.Debug|Any CPU.Build.0 = Debug|Any CPU
		{C608B6BB-81B1-4409-BB60-4011D747779E}.Release|Any CPU.ActiveCfg = Release|Any CPU
		{C608B6BB-81B1-4409-BB60-4011D747779E}.Release|Any CPU.Build.0 = Release|Any CPU
		{D4C0FAA6-49F5-4026-A359-84F8EDA94871}.Debug|Any CPU.ActiveCfg = Debug|Any CPU
		{D4C0FAA6-49F5-4026-A359-84F8EDA94871}.Debug|Any CPU.Build.0 = Debug|Any CPU
		{D4C0FAA6-49F5-4026-A359-84F8EDA94871}.Release|Any CPU.ActiveCfg = Release|Any CPU
		{D4C0FAA6-49F5-4026-A359-84F8EDA94871}.Release|Any CPU.Build.0 = Release|Any CPU
	EndGlobalSection
	GlobalSection(SolutionProperties) = preSolution
		HideSolutionNode = FALSE
	EndGlobalSection
	GlobalSection(ExtensibilityGlobals) = postSolution
		SolutionGuid = {D8778412-C187-46A4-811D-74FA7065D7E3}
	EndGlobalSection
EndGlobal
